// !$*UTF8*$!
{
	archiveVersion = 1;
	classes = {
	};
	objectVersion = 50;
	objects = {

/* Begin PBXBuildFile section */
		140EEA5D23E352C500F3FAE6 /* GothamSSm-Medium.otf in Resources */ = {isa = PBXBuildFile; fileRef = 140EEA5A23E352C500F3FAE6 /* GothamSSm-Medium.otf */; };
		140EEA5E23E352C500F3FAE6 /* GothamSSm-MediumItalic.otf in Resources */ = {isa = PBXBuildFile; fileRef = 140EEA5B23E352C500F3FAE6 /* GothamSSm-MediumItalic.otf */; };
		140EEA5F23E352C500F3FAE6 /* GothamSSm-BookItalic.otf in Resources */ = {isa = PBXBuildFile; fileRef = 140EEA5C23E352C500F3FAE6 /* GothamSSm-BookItalic.otf */; };
		140EEA6723E35B4F00F3FAE6 /* AddGuardianViewController.swift in Sources */ = {isa = PBXBuildFile; fileRef = 140EEA6623E35B4F00F3FAE6 /* AddGuardianViewController.swift */; };
		1417C0F12405C812002B4076 /* StudentOrGuardianViewController.swift in Sources */ = {isa = PBXBuildFile; fileRef = 1417C0F02405C812002B4076 /* StudentOrGuardianViewController.swift */; };
		1417C0F424084505002B4076 /* MultiStudentSelection.storyboard in Resources */ = {isa = PBXBuildFile; fileRef = 1417C0F324084505002B4076 /* MultiStudentSelection.storyboard */; };
		1417C0F624084846002B4076 /* MultiStudentSelectionViewController.swift in Sources */ = {isa = PBXBuildFile; fileRef = 1417C0F524084846002B4076 /* MultiStudentSelectionViewController.swift */; };
		14625B4223DA1C0700017A65 /* whitedown.gif in Resources */ = {isa = PBXBuildFile; fileRef = 14625B4123DA1C0600017A65 /* whitedown.gif */; };
		14625B4423DA40CB00017A65 /* SearchStudentCollectionCell.swift in Sources */ = {isa = PBXBuildFile; fileRef = 14625B4323DA40CB00017A65 /* SearchStudentCollectionCell.swift */; };
		14625B4D23DFD65E00017A65 /* GothamSSm-Book.ttf in Resources */ = {isa = PBXBuildFile; fileRef = 14625B4C23DFD2EA00017A65 /* GothamSSm-Book.ttf */; };
		14625B4E23DFD66100017A65 /* GothamSSm-Black.otf in Resources */ = {isa = PBXBuildFile; fileRef = 14625B4B23DFD2EA00017A65 /* GothamSSm-Black.otf */; };
		14625B5023E0816900017A65 /* CustomTapGestureRecognizer.swift in Sources */ = {isa = PBXBuildFile; fileRef = 14625B4F23E0816900017A65 /* CustomTapGestureRecognizer.swift */; };
		14AADD7C2409B5830009D4E8 /* MultiSelectCollectionCell.swift in Sources */ = {isa = PBXBuildFile; fileRef = 14AADD7B2409B5830009D4E8 /* MultiSelectCollectionCell.swift */; };
		14AADD7E2411A4090009D4E8 /* MultiSelectionBucketCollectionCell.swift in Sources */ = {isa = PBXBuildFile; fileRef = 14AADD7D2411A4090009D4E8 /* MultiSelectionBucketCollectionCell.swift */; };
		14B63E00237B3A5600F3EEF4 /* Confirmation.storyboard in Resources */ = {isa = PBXBuildFile; fileRef = 14B63DFF237B3A5600F3EEF4 /* Confirmation.storyboard */; };
		14B63E02237B3A6600F3EEF4 /* ConfirmationViewController.swift in Sources */ = {isa = PBXBuildFile; fileRef = 14B63E01237B3A6600F3EEF4 /* ConfirmationViewController.swift */; };
		14C10E7823C8BEC600D26219 /* LocationRecord.swift in Sources */ = {isa = PBXBuildFile; fileRef = 14C10E7723C8BEC600D26219 /* LocationRecord.swift */; };
		14C10E7A23CBD13200D26219 /* Alert.storyboard in Resources */ = {isa = PBXBuildFile; fileRef = 14C10E7923CBD13200D26219 /* Alert.storyboard */; };
		14C10E8523CBD64100D26219 /* GifExtensions.swift in Sources */ = {isa = PBXBuildFile; fileRef = 14C10E8423CBD64100D26219 /* GifExtensions.swift */; };
		14C10E8723CBDC3100D26219 /* AlertViewController.swift in Sources */ = {isa = PBXBuildFile; fileRef = 14C10E8623CBDC3100D26219 /* AlertViewController.swift */; };
		14C10E8E23CBEB2700D26219 /* StudentConfirmation.storyboard in Resources */ = {isa = PBXBuildFile; fileRef = 14C10E8D23CBEB2700D26219 /* StudentConfirmation.storyboard */; };
		14C10E9023CBED3400D26219 /* StudentConfirmationViewController.swift in Sources */ = {isa = PBXBuildFile; fileRef = 14C10E8F23CBED3400D26219 /* StudentConfirmationViewController.swift */; };
		14C3A396235F4E9E009A3830 /* AppDelegate.swift in Sources */ = {isa = PBXBuildFile; fileRef = 14C3A395235F4E9E009A3830 /* AppDelegate.swift */; };
		14C3A398235F4E9E009A3830 /* ViewController.swift in Sources */ = {isa = PBXBuildFile; fileRef = 14C3A397235F4E9E009A3830 /* ViewController.swift */; };
		14C3A39B235F4E9E009A3830 /* Main.storyboard in Resources */ = {isa = PBXBuildFile; fileRef = 14C3A399235F4E9E009A3830 /* Main.storyboard */; };
		14C3A39E235F4E9E009A3830 /* Guardian_Check_in.xcdatamodeld in Sources */ = {isa = PBXBuildFile; fileRef = 14C3A39C235F4E9E009A3830 /* Guardian_Check_in.xcdatamodeld */; };
		14C3A3A0235F4EA0009A3830 /* Assets.xcassets in Resources */ = {isa = PBXBuildFile; fileRef = 14C3A39F235F4EA0009A3830 /* Assets.xcassets */; };
		14C3A3A3235F4EA0009A3830 /* LaunchScreen.storyboard in Resources */ = {isa = PBXBuildFile; fileRef = 14C3A3A1235F4EA0009A3830 /* LaunchScreen.storyboard */; };
		14C3A3C6235F4EC4009A3830 /* AddGuardian.storyboard in Resources */ = {isa = PBXBuildFile; fileRef = 14C3A3AB235F4EC3009A3830 /* AddGuardian.storyboard */; };
		14C3A3C8235F4EC4009A3830 /* CoreDataHelper.swift in Sources */ = {isa = PBXBuildFile; fileRef = 14C3A3AE235F4EC3009A3830 /* CoreDataHelper.swift */; };
		14C3A3C9235F4EC4009A3830 /* InternetConnectionTest.swift in Sources */ = {isa = PBXBuildFile; fileRef = 14C3A3AF235F4EC3009A3830 /* InternetConnectionTest.swift */; };
		14C3A3CA235F4EC4009A3830 /* RestHelper.swift in Sources */ = {isa = PBXBuildFile; fileRef = 14C3A3B0235F4EC3009A3830 /* RestHelper.swift */; };
		14C3A3CE235F4EC4009A3830 /* Setup.storyboard in Resources */ = {isa = PBXBuildFile; fileRef = 14C3A3B6235F4EC3009A3830 /* Setup.storyboard */; };
		14C3A3CF235F4EC4009A3830 /* SetupViewController.swift in Sources */ = {isa = PBXBuildFile; fileRef = 14C3A3B7235F4EC3009A3830 /* SetupViewController.swift */; };
		14C3A3D0235F4EC4009A3830 /* Launch.storyboard in Resources */ = {isa = PBXBuildFile; fileRef = 14C3A3B9235F4EC3009A3830 /* Launch.storyboard */; };
		14C3A3D1235F4EC4009A3830 /* LaunchViewController.swift in Sources */ = {isa = PBXBuildFile; fileRef = 14C3A3BA235F4EC3009A3830 /* LaunchViewController.swift */; };
		14C3A3D2235F4EC4009A3830 /* DeviceRegistration.storyboard in Resources */ = {isa = PBXBuildFile; fileRef = 14C3A3BC235F4EC3009A3830 /* DeviceRegistration.storyboard */; };
		14C3A3D3235F4EC4009A3830 /* RegistrationCheckViewController.swift in Sources */ = {isa = PBXBuildFile; fileRef = 14C3A3BD235F4EC3009A3830 /* RegistrationCheckViewController.swift */; };
		14C3A3D4235F4EC4009A3830 /* SearchStudent.storyboard in Resources */ = {isa = PBXBuildFile; fileRef = 14C3A3BF235F4EC3009A3830 /* SearchStudent.storyboard */; };
		14C3A3D6235F4EC4009A3830 /* SearchStudentViewController.swift in Sources */ = {isa = PBXBuildFile; fileRef = 14C3A3C1235F4EC3009A3830 /* SearchStudentViewController.swift */; };
		14C3A3D7235F4EC4009A3830 /* StudentGuardianCollectionCell.swift in Sources */ = {isa = PBXBuildFile; fileRef = 14C3A3C3235F4EC4009A3830 /* StudentGuardianCollectionCell.swift */; };
		14C3A3D9235F4EC4009A3830 /* StudentGuardianSelectionViewController.swift in Sources */ = {isa = PBXBuildFile; fileRef = 14C3A3C5235F4EC4009A3830 /* StudentGuardianSelectionViewController.swift */; };
		14C3A3DB236507E4009A3830 /* StudentGuardianSelection.storyboard in Resources */ = {isa = PBXBuildFile; fileRef = 14C3A3DA236507E4009A3830 /* StudentGuardianSelection.storyboard */; };
		14C3A3DD23673056009A3830 /* StudentRecord.swift in Sources */ = {isa = PBXBuildFile; fileRef = 14C3A3DC23673056009A3830 /* StudentRecord.swift */; };
		14C3A3DF23675F75009A3830 /* GuardianRecord.swift in Sources */ = {isa = PBXBuildFile; fileRef = 14C3A3DE23675F75009A3830 /* GuardianRecord.swift */; };
		14C3A3E22367B3F5009A3830 /* OptionSelectionViewController.swift in Sources */ = {isa = PBXBuildFile; fileRef = 14C3A3E12367B3F5009A3830 /* OptionSelectionViewController.swift */; };
		14C3A3E42367B406009A3830 /* OptionSelection.storyboard in Resources */ = {isa = PBXBuildFile; fileRef = 14C3A3E32367B406009A3830 /* OptionSelection.storyboard */; };
		14C3A3E62367B7D1009A3830 /* OptionCollectionCell.swift in Sources */ = {isa = PBXBuildFile; fileRef = 14C3A3E52367B7D1009A3830 /* OptionCollectionCell.swift */; };
		14C3A3E92367C756009A3830 /* EndingViewController.swift in Sources */ = {isa = PBXBuildFile; fileRef = 14C3A3E82367C756009A3830 /* EndingViewController.swift */; };
		14C3A3EB2367C761009A3830 /* Ending.storyboard in Resources */ = {isa = PBXBuildFile; fileRef = 14C3A3EA2367C761009A3830 /* Ending.storyboard */; };
		14E059DA23D201B900EE6B4A /* lj3.gif in Resources */ = {isa = PBXBuildFile; fileRef = 14E059D623D201B800EE6B4A /* lj3.gif */; };
		14E059DB23D201B900EE6B4A /* lj4.gif in Resources */ = {isa = PBXBuildFile; fileRef = 14E059D723D201B900EE6B4A /* lj4.gif */; };
		14E059DC23D201B900EE6B4A /* lj2.gif in Resources */ = {isa = PBXBuildFile; fileRef = 14E059D823D201B900EE6B4A /* lj2.gif */; };
		14E059DD23D201B900EE6B4A /* lj1.gif in Resources */ = {isa = PBXBuildFile; fileRef = 14E059D923D201B900EE6B4A /* lj1.gif */; };
/* End PBXBuildFile section */

/* Begin PBXFileReference section */
		140EEA5A23E352C500F3FAE6 /* GothamSSm-Medium.otf */ = {isa = PBXFileReference; lastKnownFileType = file; path = "GothamSSm-Medium.otf"; sourceTree = "<group>"; };
		140EEA5B23E352C500F3FAE6 /* GothamSSm-MediumItalic.otf */ = {isa = PBXFileReference; lastKnownFileType = file; path = "GothamSSm-MediumItalic.otf"; sourceTree = "<group>"; };
		140EEA5C23E352C500F3FAE6 /* GothamSSm-BookItalic.otf */ = {isa = PBXFileReference; lastKnownFileType = file; path = "GothamSSm-BookItalic.otf"; sourceTree = "<group>"; };
		140EEA6623E35B4F00F3FAE6 /* AddGuardianViewController.swift */ = {isa = PBXFileReference; lastKnownFileType = sourcecode.swift; path = AddGuardianViewController.swift; sourceTree = "<group>"; };
		1417C0F02405C812002B4076 /* StudentOrGuardianViewController.swift */ = {isa = PBXFileReference; fileEncoding = 4; lastKnownFileType = sourcecode.swift; path = StudentOrGuardianViewController.swift; sourceTree = "<group>"; };
		1417C0F324084505002B4076 /* MultiStudentSelection.storyboard */ = {isa = PBXFileReference; lastKnownFileType = file.storyboard; path = MultiStudentSelection.storyboard; sourceTree = "<group>"; };
		1417C0F524084846002B4076 /* MultiStudentSelectionViewController.swift */ = {isa = PBXFileReference; lastKnownFileType = sourcecode.swift; path = MultiStudentSelectionViewController.swift; sourceTree = "<group>"; };
		14625B4123DA1C0600017A65 /* whitedown.gif */ = {isa = PBXFileReference; lastKnownFileType = image.gif; path = whitedown.gif; sourceTree = "<group>"; };
		14625B4323DA40CB00017A65 /* SearchStudentCollectionCell.swift */ = {isa = PBXFileReference; lastKnownFileType = sourcecode.swift; path = SearchStudentCollectionCell.swift; sourceTree = "<group>"; };
		14625B4B23DFD2EA00017A65 /* GothamSSm-Black.otf */ = {isa = PBXFileReference; lastKnownFileType = file; path = "GothamSSm-Black.otf"; sourceTree = "<group>"; };
		14625B4C23DFD2EA00017A65 /* GothamSSm-Book.ttf */ = {isa = PBXFileReference; lastKnownFileType = file; path = "GothamSSm-Book.ttf"; sourceTree = "<group>"; };
		14625B4F23E0816900017A65 /* CustomTapGestureRecognizer.swift */ = {isa = PBXFileReference; lastKnownFileType = sourcecode.swift; path = CustomTapGestureRecognizer.swift; sourceTree = "<group>"; };
		14AADD7B2409B5830009D4E8 /* MultiSelectCollectionCell.swift */ = {isa = PBXFileReference; lastKnownFileType = sourcecode.swift; path = MultiSelectCollectionCell.swift; sourceTree = "<group>"; };
		14AADD7D2411A4090009D4E8 /* MultiSelectionBucketCollectionCell.swift */ = {isa = PBXFileReference; lastKnownFileType = sourcecode.swift; path = MultiSelectionBucketCollectionCell.swift; sourceTree = "<group>"; };
		14B63DFF237B3A5600F3EEF4 /* Confirmation.storyboard */ = {isa = PBXFileReference; lastKnownFileType = file.storyboard; path = Confirmation.storyboard; sourceTree = "<group>"; };
		14B63E01237B3A6600F3EEF4 /* ConfirmationViewController.swift */ = {isa = PBXFileReference; lastKnownFileType = sourcecode.swift; path = ConfirmationViewController.swift; sourceTree = "<group>"; };
		14C10E7723C8BEC600D26219 /* LocationRecord.swift */ = {isa = PBXFileReference; lastKnownFileType = sourcecode.swift; path = LocationRecord.swift; sourceTree = "<group>"; };
		14C10E7923CBD13200D26219 /* Alert.storyboard */ = {isa = PBXFileReference; lastKnownFileType = file.storyboard; path = Alert.storyboard; sourceTree = "<group>"; };
		14C10E8423CBD64100D26219 /* GifExtensions.swift */ = {isa = PBXFileReference; lastKnownFileType = sourcecode.swift; path = GifExtensions.swift; sourceTree = "<group>"; };
		14C10E8623CBDC3100D26219 /* AlertViewController.swift */ = {isa = PBXFileReference; lastKnownFileType = sourcecode.swift; path = AlertViewController.swift; sourceTree = "<group>"; };
		14C10E8D23CBEB2700D26219 /* StudentConfirmation.storyboard */ = {isa = PBXFileReference; lastKnownFileType = file.storyboard; path = StudentConfirmation.storyboard; sourceTree = "<group>"; };
		14C10E8F23CBED3400D26219 /* StudentConfirmationViewController.swift */ = {isa = PBXFileReference; lastKnownFileType = sourcecode.swift; path = StudentConfirmationViewController.swift; sourceTree = "<group>"; };
		14C3A392235F4E9E009A3830 /* Guardian Check-inV2.app */ = {isa = PBXFileReference; explicitFileType = wrapper.application; includeInIndex = 0; path = "Guardian Check-inV2.app"; sourceTree = BUILT_PRODUCTS_DIR; };
		14C3A395235F4E9E009A3830 /* AppDelegate.swift */ = {isa = PBXFileReference; lastKnownFileType = sourcecode.swift; path = AppDelegate.swift; sourceTree = "<group>"; };
		14C3A397235F4E9E009A3830 /* ViewController.swift */ = {isa = PBXFileReference; lastKnownFileType = sourcecode.swift; path = ViewController.swift; sourceTree = "<group>"; };
		14C3A39A235F4E9E009A3830 /* Base */ = {isa = PBXFileReference; lastKnownFileType = file.storyboard; name = Base; path = Base.lproj/Main.storyboard; sourceTree = "<group>"; };
		14C3A39D235F4E9E009A3830 /* Guardian_Check_in.xcdatamodel */ = {isa = PBXFileReference; lastKnownFileType = wrapper.xcdatamodel; path = Guardian_Check_in.xcdatamodel; sourceTree = "<group>"; };
		14C3A39F235F4EA0009A3830 /* Assets.xcassets */ = {isa = PBXFileReference; lastKnownFileType = folder.assetcatalog; path = Assets.xcassets; sourceTree = "<group>"; };
		14C3A3A2235F4EA0009A3830 /* Base */ = {isa = PBXFileReference; lastKnownFileType = file.storyboard; name = Base; path = Base.lproj/LaunchScreen.storyboard; sourceTree = "<group>"; };
		14C3A3A4235F4EA0009A3830 /* Info.plist */ = {isa = PBXFileReference; lastKnownFileType = text.plist.xml; path = Info.plist; sourceTree = "<group>"; };
		14C3A3AB235F4EC3009A3830 /* AddGuardian.storyboard */ = {isa = PBXFileReference; fileEncoding = 4; lastKnownFileType = file.storyboard; path = AddGuardian.storyboard; sourceTree = "<group>"; };
		14C3A3AE235F4EC3009A3830 /* CoreDataHelper.swift */ = {isa = PBXFileReference; fileEncoding = 4; lastKnownFileType = sourcecode.swift; path = CoreDataHelper.swift; sourceTree = "<group>"; };
		14C3A3AF235F4EC3009A3830 /* InternetConnectionTest.swift */ = {isa = PBXFileReference; fileEncoding = 4; lastKnownFileType = sourcecode.swift; path = InternetConnectionTest.swift; sourceTree = "<group>"; };
		14C3A3B0235F4EC3009A3830 /* RestHelper.swift */ = {isa = PBXFileReference; fileEncoding = 4; lastKnownFileType = sourcecode.swift; path = RestHelper.swift; sourceTree = "<group>"; };
		14C3A3B6235F4EC3009A3830 /* Setup.storyboard */ = {isa = PBXFileReference; fileEncoding = 4; lastKnownFileType = file.storyboard; path = Setup.storyboard; sourceTree = "<group>"; };
		14C3A3B7235F4EC3009A3830 /* SetupViewController.swift */ = {isa = PBXFileReference; fileEncoding = 4; lastKnownFileType = sourcecode.swift; path = SetupViewController.swift; sourceTree = "<group>"; };
		14C3A3B9235F4EC3009A3830 /* Launch.storyboard */ = {isa = PBXFileReference; fileEncoding = 4; lastKnownFileType = file.storyboard; path = Launch.storyboard; sourceTree = "<group>"; };
		14C3A3BA235F4EC3009A3830 /* LaunchViewController.swift */ = {isa = PBXFileReference; fileEncoding = 4; lastKnownFileType = sourcecode.swift; path = LaunchViewController.swift; sourceTree = "<group>"; };
		14C3A3BC235F4EC3009A3830 /* DeviceRegistration.storyboard */ = {isa = PBXFileReference; fileEncoding = 4; lastKnownFileType = file.storyboard; path = DeviceRegistration.storyboard; sourceTree = "<group>"; };
		14C3A3BD235F4EC3009A3830 /* RegistrationCheckViewController.swift */ = {isa = PBXFileReference; fileEncoding = 4; lastKnownFileType = sourcecode.swift; path = RegistrationCheckViewController.swift; sourceTree = "<group>"; };
		14C3A3BF235F4EC3009A3830 /* SearchStudent.storyboard */ = {isa = PBXFileReference; fileEncoding = 4; lastKnownFileType = file.storyboard; path = SearchStudent.storyboard; sourceTree = "<group>"; };
		14C3A3C1235F4EC3009A3830 /* SearchStudentViewController.swift */ = {isa = PBXFileReference; fileEncoding = 4; lastKnownFileType = sourcecode.swift; path = SearchStudentViewController.swift; sourceTree = "<group>"; };
		14C3A3C3235F4EC4009A3830 /* StudentGuardianCollectionCell.swift */ = {isa = PBXFileReference; fileEncoding = 4; lastKnownFileType = sourcecode.swift; path = StudentGuardianCollectionCell.swift; sourceTree = "<group>"; };
		14C3A3C5235F4EC4009A3830 /* StudentGuardianSelectionViewController.swift */ = {isa = PBXFileReference; fileEncoding = 4; lastKnownFileType = sourcecode.swift; path = StudentGuardianSelectionViewController.swift; sourceTree = "<group>"; };
		14C3A3DA236507E4009A3830 /* StudentGuardianSelection.storyboard */ = {isa = PBXFileReference; lastKnownFileType = file.storyboard; path = StudentGuardianSelection.storyboard; sourceTree = "<group>"; };
		14C3A3DC23673056009A3830 /* StudentRecord.swift */ = {isa = PBXFileReference; lastKnownFileType = sourcecode.swift; path = StudentRecord.swift; sourceTree = "<group>"; };
		14C3A3DE23675F75009A3830 /* GuardianRecord.swift */ = {isa = PBXFileReference; lastKnownFileType = sourcecode.swift; path = GuardianRecord.swift; sourceTree = "<group>"; };
		14C3A3E12367B3F5009A3830 /* OptionSelectionViewController.swift */ = {isa = PBXFileReference; lastKnownFileType = sourcecode.swift; path = OptionSelectionViewController.swift; sourceTree = "<group>"; };
		14C3A3E32367B406009A3830 /* OptionSelection.storyboard */ = {isa = PBXFileReference; lastKnownFileType = file.storyboard; path = OptionSelection.storyboard; sourceTree = "<group>"; };
		14C3A3E52367B7D1009A3830 /* OptionCollectionCell.swift */ = {isa = PBXFileReference; lastKnownFileType = sourcecode.swift; path = OptionCollectionCell.swift; sourceTree = "<group>"; };
		14C3A3E82367C756009A3830 /* EndingViewController.swift */ = {isa = PBXFileReference; lastKnownFileType = sourcecode.swift; path = EndingViewController.swift; sourceTree = "<group>"; };
		14C3A3EA2367C761009A3830 /* Ending.storyboard */ = {isa = PBXFileReference; lastKnownFileType = file.storyboard; path = Ending.storyboard; sourceTree = "<group>"; };
		14E059D623D201B800EE6B4A /* lj3.gif */ = {isa = PBXFileReference; lastKnownFileType = image.gif; path = lj3.gif; sourceTree = "<group>"; };
		14E059D723D201B900EE6B4A /* lj4.gif */ = {isa = PBXFileReference; lastKnownFileType = image.gif; path = lj4.gif; sourceTree = "<group>"; };
		14E059D823D201B900EE6B4A /* lj2.gif */ = {isa = PBXFileReference; lastKnownFileType = image.gif; path = lj2.gif; sourceTree = "<group>"; };
		14E059D923D201B900EE6B4A /* lj1.gif */ = {isa = PBXFileReference; lastKnownFileType = image.gif; path = lj1.gif; sourceTree = "<group>"; };
/* End PBXFileReference section */

/* Begin PBXFrameworksBuildPhase section */
		14C3A38F235F4E9E009A3830 /* Frameworks */ = {
			isa = PBXFrameworksBuildPhase;
			buildActionMask = 2147483647;
			files = (
			);
			runOnlyForDeploymentPostprocessing = 0;
		};
/* End PBXFrameworksBuildPhase section */

/* Begin PBXGroup section */
		1417C0F2240844E1002B4076 /* MultiStudentSelection */ = {
			isa = PBXGroup;
			children = (
				1417C0F324084505002B4076 /* MultiStudentSelection.storyboard */,
				1417C0F524084846002B4076 /* MultiStudentSelectionViewController.swift */,
				14AADD7B2409B5830009D4E8 /* MultiSelectCollectionCell.swift */,
				14AADD7D2411A4090009D4E8 /* MultiSelectionBucketCollectionCell.swift */,
			);
			path = MultiStudentSelection;
			sourceTree = "<group>";
		};
		14B63DFE237B3A4300F3EEF4 /* Confirmation */ = {
			isa = PBXGroup;
			children = (
				14B63DFF237B3A5600F3EEF4 /* Confirmation.storyboard */,
				14B63E01237B3A6600F3EEF4 /* ConfirmationViewController.swift */,
			);
			path = Confirmation;
			sourceTree = "<group>";
		};
		14C10E7B23CBD4E000D26219 /* Gifs */ = {
			isa = PBXGroup;
			children = (
				14625B4123DA1C0600017A65 /* whitedown.gif */,
				14E059D923D201B900EE6B4A /* lj1.gif */,
				14E059D823D201B900EE6B4A /* lj2.gif */,
				14E059D623D201B800EE6B4A /* lj3.gif */,
				14E059D723D201B900EE6B4A /* lj4.gif */,
			);
			path = Gifs;
			sourceTree = "<group>";
		};
		14C10E8C23CBEB0F00D26219 /* StudentConfirmation */ = {
			isa = PBXGroup;
			children = (
				14C10E8D23CBEB2700D26219 /* StudentConfirmation.storyboard */,
				14C10E8F23CBED3400D26219 /* StudentConfirmationViewController.swift */,
			);
			path = StudentConfirmation;
			sourceTree = "<group>";
		};
		14C3A389235F4E9E009A3830 = {
			isa = PBXGroup;
			children = (
				14C3A394235F4E9E009A3830 /* Guardian Check-in */,
				14C3A393235F4E9E009A3830 /* Products */,
			);
			sourceTree = "<group>";
		};
		14C3A393235F4E9E009A3830 /* Products */ = {
			isa = PBXGroup;
			children = (
				14C3A392235F4E9E009A3830 /* Guardian Check-inV2.app */,
			);
			name = Products;
			sourceTree = "<group>";
		};
		14C3A394235F4E9E009A3830 /* Guardian Check-in */ = {
			isa = PBXGroup;
			children = (
				1417C0F2240844E1002B4076 /* MultiStudentSelection */,
				14C10E8C23CBEB0F00D26219 /* StudentConfirmation */,
				14C10E7B23CBD4E000D26219 /* Gifs */,
				14B63DFE237B3A4300F3EEF4 /* Confirmation */,
				14C3A3E72367C73A009A3830 /* Ending */,
				14C3A3E02367B3D7009A3830 /* OptionSelection */,
				14C3A3AA235F4EC3009A3830 /* AddNewGuardian */,
				14C3A3BB235F4EC3009A3830 /* DeviceRegistration */,
				14C3A3B8235F4EC3009A3830 /* LaunchScreen */,
				14C3A3BE235F4EC3009A3830 /* SearchStudent */,
				14C3A3B5235F4EC3009A3830 /* Setup */,
				14C3A3C2235F4EC4009A3830 /* StudentGuardianSelection */,
				14C3A3AD235F4EC3009A3830 /* Util */,
				14C3A395235F4E9E009A3830 /* AppDelegate.swift */,
				14C3A397235F4E9E009A3830 /* ViewController.swift */,
				14C3A399235F4E9E009A3830 /* Main.storyboard */,
				14C3A39F235F4EA0009A3830 /* Assets.xcassets */,
				14C3A3A1235F4EA0009A3830 /* LaunchScreen.storyboard */,
				14C3A3A4235F4EA0009A3830 /* Info.plist */,
				14C3A39C235F4E9E009A3830 /* Guardian_Check_in.xcdatamodeld */,
			);
			path = "Guardian Check-in";
			sourceTree = "<group>";
		};
		14C3A3AA235F4EC3009A3830 /* AddNewGuardian */ = {
			isa = PBXGroup;
			children = (
				14C3A3AB235F4EC3009A3830 /* AddGuardian.storyboard */,
				140EEA6623E35B4F00F3FAE6 /* AddGuardianViewController.swift */,
			);
			path = AddNewGuardian;
			sourceTree = "<group>";
		};
		14C3A3AD235F4EC3009A3830 /* Util */ = {
			isa = PBXGroup;
			children = (
				140EEA5C23E352C500F3FAE6 /* GothamSSm-BookItalic.otf */,
				140EEA5A23E352C500F3FAE6 /* GothamSSm-Medium.otf */,
				140EEA5B23E352C500F3FAE6 /* GothamSSm-MediumItalic.otf */,
				14625B4B23DFD2EA00017A65 /* GothamSSm-Black.otf */,
				14625B4C23DFD2EA00017A65 /* GothamSSm-Book.ttf */,
				14C3A3AE235F4EC3009A3830 /* CoreDataHelper.swift */,
				14C3A3AF235F4EC3009A3830 /* InternetConnectionTest.swift */,
				14C3A3B0235F4EC3009A3830 /* RestHelper.swift */,
				14C10E7923CBD13200D26219 /* Alert.storyboard */,
				14C10E8423CBD64100D26219 /* GifExtensions.swift */,
				14C10E8623CBDC3100D26219 /* AlertViewController.swift */,
				14625B4F23E0816900017A65 /* CustomTapGestureRecognizer.swift */,
			);
			path = Util;
			sourceTree = "<group>";
		};
		14C3A3B5235F4EC3009A3830 /* Setup */ = {
			isa = PBXGroup;
			children = (
				14C3A3B6235F4EC3009A3830 /* Setup.storyboard */,
				14C3A3B7235F4EC3009A3830 /* SetupViewController.swift */,
				14C10E7723C8BEC600D26219 /* LocationRecord.swift */,
			);
			path = Setup;
			sourceTree = "<group>";
		};
		14C3A3B8235F4EC3009A3830 /* LaunchScreen */ = {
			isa = PBXGroup;
			children = (
				14C3A3B9235F4EC3009A3830 /* Launch.storyboard */,
				14C3A3BA235F4EC3009A3830 /* LaunchViewController.swift */,
			);
			path = LaunchScreen;
			sourceTree = "<group>";
		};
		14C3A3BB235F4EC3009A3830 /* DeviceRegistration */ = {
			isa = PBXGroup;
			children = (
				14C3A3BC235F4EC3009A3830 /* DeviceRegistration.storyboard */,
				14C3A3BD235F4EC3009A3830 /* RegistrationCheckViewController.swift */,
			);
			path = DeviceRegistration;
			sourceTree = "<group>";
		};
		14C3A3BE235F4EC3009A3830 /* SearchStudent */ = {
			isa = PBXGroup;
			children = (
				1417C0F02405C812002B4076 /* StudentOrGuardianViewController.swift */,
				14C3A3BF235F4EC3009A3830 /* SearchStudent.storyboard */,
				14C3A3C1235F4EC3009A3830 /* SearchStudentViewController.swift */,
				14C3A3DC23673056009A3830 /* StudentRecord.swift */,
				14625B4323DA40CB00017A65 /* SearchStudentCollectionCell.swift */,
			);
			path = SearchStudent;
			sourceTree = "<group>";
		};
		14C3A3C2235F4EC4009A3830 /* StudentGuardianSelection */ = {
			isa = PBXGroup;
			children = (
				14C3A3C3235F4EC4009A3830 /* StudentGuardianCollectionCell.swift */,
				14C3A3C5235F4EC4009A3830 /* StudentGuardianSelectionViewController.swift */,
				14C3A3DA236507E4009A3830 /* StudentGuardianSelection.storyboard */,
				14C3A3DE23675F75009A3830 /* GuardianRecord.swift */,
			);
			path = StudentGuardianSelection;
			sourceTree = "<group>";
		};
		14C3A3E02367B3D7009A3830 /* OptionSelection */ = {
			isa = PBXGroup;
			children = (
				14C3A3E12367B3F5009A3830 /* OptionSelectionViewController.swift */,
				14C3A3E32367B406009A3830 /* OptionSelection.storyboard */,
				14C3A3E52367B7D1009A3830 /* OptionCollectionCell.swift */,
			);
			path = OptionSelection;
			sourceTree = "<group>";
		};
		14C3A3E72367C73A009A3830 /* Ending */ = {
			isa = PBXGroup;
			children = (
				14C3A3E82367C756009A3830 /* EndingViewController.swift */,
				14C3A3EA2367C761009A3830 /* Ending.storyboard */,
			);
			path = Ending;
			sourceTree = "<group>";
		};
/* End PBXGroup section */

/* Begin PBXNativeTarget section */
		14C3A391235F4E9E009A3830 /* Guardian Check-in */ = {
			isa = PBXNativeTarget;
			buildConfigurationList = 14C3A3A7235F4EA0009A3830 /* Build configuration list for PBXNativeTarget "Guardian Check-in" */;
			buildPhases = (
				14C3A38E235F4E9E009A3830 /* Sources */,
				14C3A38F235F4E9E009A3830 /* Frameworks */,
				14C3A390235F4E9E009A3830 /* Resources */,
			);
			buildRules = (
			);
			dependencies = (
			);
			name = "Guardian Check-in";
			productName = "Guardian Check-in";
			productReference = 14C3A392235F4E9E009A3830 /* Guardian Check-inV2.app */;
			productType = "com.apple.product-type.application";
		};
/* End PBXNativeTarget section */

/* Begin PBXProject section */
		14C3A38A235F4E9E009A3830 /* Project object */ = {
			isa = PBXProject;
			attributes = {
				LastSwiftUpdateCheck = 1010;
				LastUpgradeCheck = 1010;
				ORGANIZATIONNAME = "Anand Kelkar";
				TargetAttributes = {
					14C3A391235F4E9E009A3830 = {
						CreatedOnToolsVersion = 10.1;
					};
				};
			};
			buildConfigurationList = 14C3A38D235F4E9E009A3830 /* Build configuration list for PBXProject "Guardian Check-in" */;
			compatibilityVersion = "Xcode 9.3";
			developmentRegion = en;
			hasScannedForEncodings = 0;
			knownRegions = (
				en,
				Base,
			);
			mainGroup = 14C3A389235F4E9E009A3830;
			productRefGroup = 14C3A393235F4E9E009A3830 /* Products */;
			projectDirPath = "";
			projectRoot = "";
			targets = (
				14C3A391235F4E9E009A3830 /* Guardian Check-in */,
			);
		};
/* End PBXProject section */

/* Begin PBXResourcesBuildPhase section */
		14C3A390235F4E9E009A3830 /* Resources */ = {
			isa = PBXResourcesBuildPhase;
			buildActionMask = 2147483647;
			files = (
				1417C0F424084505002B4076 /* MultiStudentSelection.storyboard in Resources */,
				14E059DD23D201B900EE6B4A /* lj1.gif in Resources */,
				14C3A3DB236507E4009A3830 /* StudentGuardianSelection.storyboard in Resources */,
				14625B4223DA1C0700017A65 /* whitedown.gif in Resources */,
				14C3A3CE235F4EC4009A3830 /* Setup.storyboard in Resources */,
				140EEA5D23E352C500F3FAE6 /* GothamSSm-Medium.otf in Resources */,
				14C3A3A3235F4EA0009A3830 /* LaunchScreen.storyboard in Resources */,
				14E059DA23D201B900EE6B4A /* lj3.gif in Resources */,
				14E059DC23D201B900EE6B4A /* lj2.gif in Resources */,
				140EEA5F23E352C500F3FAE6 /* GothamSSm-BookItalic.otf in Resources */,
				14B63E00237B3A5600F3EEF4 /* Confirmation.storyboard in Resources */,
				14E059DB23D201B900EE6B4A /* lj4.gif in Resources */,
				14C3A3D4235F4EC4009A3830 /* SearchStudent.storyboard in Resources */,
				14C10E7A23CBD13200D26219 /* Alert.storyboard in Resources */,
				14C10E8E23CBEB2700D26219 /* StudentConfirmation.storyboard in Resources */,
				14C3A3C6235F4EC4009A3830 /* AddGuardian.storyboard in Resources */,
				14625B4E23DFD66100017A65 /* GothamSSm-Black.otf in Resources */,
				14C3A3D0235F4EC4009A3830 /* Launch.storyboard in Resources */,
				14C3A3EB2367C761009A3830 /* Ending.storyboard in Resources */,
				14C3A3A0235F4EA0009A3830 /* Assets.xcassets in Resources */,
				14C3A39B235F4E9E009A3830 /* Main.storyboard in Resources */,
				14625B4D23DFD65E00017A65 /* GothamSSm-Book.ttf in Resources */,
				14C3A3E42367B406009A3830 /* OptionSelection.storyboard in Resources */,
				140EEA5E23E352C500F3FAE6 /* GothamSSm-MediumItalic.otf in Resources */,
				14C3A3D2235F4EC4009A3830 /* DeviceRegistration.storyboard in Resources */,
			);
			runOnlyForDeploymentPostprocessing = 0;
		};
/* End PBXResourcesBuildPhase section */

/* Begin PBXSourcesBuildPhase section */
		14C3A38E235F4E9E009A3830 /* Sources */ = {
			isa = PBXSourcesBuildPhase;
			buildActionMask = 2147483647;
			files = (
				14C3A3D3235F4EC4009A3830 /* RegistrationCheckViewController.swift in Sources */,
				14C3A3C8235F4EC4009A3830 /* CoreDataHelper.swift in Sources */,
				14C10E8523CBD64100D26219 /* GifExtensions.swift in Sources */,
				14C3A39E235F4E9E009A3830 /* Guardian_Check_in.xcdatamodeld in Sources */,
				14C3A3C9235F4EC4009A3830 /* InternetConnectionTest.swift in Sources */,
				1417C0F624084846002B4076 /* MultiStudentSelectionViewController.swift in Sources */,
				140EEA6723E35B4F00F3FAE6 /* AddGuardianViewController.swift in Sources */,
				14C3A3D7235F4EC4009A3830 /* StudentGuardianCollectionCell.swift in Sources */,
				14C3A3DD23673056009A3830 /* StudentRecord.swift in Sources */,
				14AADD7C2409B5830009D4E8 /* MultiSelectCollectionCell.swift in Sources */,
				14C3A3CA235F4EC4009A3830 /* RestHelper.swift in Sources */,
				14C10E9023CBED3400D26219 /* StudentConfirmationViewController.swift in Sources */,
				14C3A3CF235F4EC4009A3830 /* SetupViewController.swift in Sources */,
				14C3A3DF23675F75009A3830 /* GuardianRecord.swift in Sources */,
				14625B5023E0816900017A65 /* CustomTapGestureRecognizer.swift in Sources */,
				14C10E8723CBDC3100D26219 /* AlertViewController.swift in Sources */,
				14AADD7E2411A4090009D4E8 /* MultiSelectionBucketCollectionCell.swift in Sources */,
				14C3A3E62367B7D1009A3830 /* OptionCollectionCell.swift in Sources */,
				14C3A3E22367B3F5009A3830 /* OptionSelectionViewController.swift in Sources */,
				14C3A3E92367C756009A3830 /* EndingViewController.swift in Sources */,
				14C10E7823C8BEC600D26219 /* LocationRecord.swift in Sources */,
				14B63E02237B3A6600F3EEF4 /* ConfirmationViewController.swift in Sources */,
				14C3A3D6235F4EC4009A3830 /* SearchStudentViewController.swift in Sources */,
				14C3A3D1235F4EC4009A3830 /* LaunchViewController.swift in Sources */,
				14C3A398235F4E9E009A3830 /* ViewController.swift in Sources */,
				1417C0F12405C812002B4076 /* StudentOrGuardianViewController.swift in Sources */,
				14C3A3D9235F4EC4009A3830 /* StudentGuardianSelectionViewController.swift in Sources */,
				14C3A396235F4E9E009A3830 /* AppDelegate.swift in Sources */,
				14625B4423DA40CB00017A65 /* SearchStudentCollectionCell.swift in Sources */,
			);
			runOnlyForDeploymentPostprocessing = 0;
		};
/* End PBXSourcesBuildPhase section */

/* Begin PBXVariantGroup section */
		14C3A399235F4E9E009A3830 /* Main.storyboard */ = {
			isa = PBXVariantGroup;
			children = (
				14C3A39A235F4E9E009A3830 /* Base */,
			);
			name = Main.storyboard;
			sourceTree = "<group>";
		};
		14C3A3A1235F4EA0009A3830 /* LaunchScreen.storyboard */ = {
			isa = PBXVariantGroup;
			children = (
				14C3A3A2235F4EA0009A3830 /* Base */,
			);
			name = LaunchScreen.storyboard;
			sourceTree = "<group>";
		};
/* End PBXVariantGroup section */

/* Begin XCBuildConfiguration section */
		14C3A3A5235F4EA0009A3830 /* Debug */ = {
			isa = XCBuildConfiguration;
			buildSettings = {
				ALWAYS_SEARCH_USER_PATHS = NO;
				CLANG_ANALYZER_NONNULL = YES;
				CLANG_ANALYZER_NUMBER_OBJECT_CONVERSION = YES_AGGRESSIVE;
				CLANG_CXX_LANGUAGE_STANDARD = "gnu++14";
				CLANG_CXX_LIBRARY = "libc++";
				CLANG_ENABLE_MODULES = YES;
				CLANG_ENABLE_OBJC_ARC = YES;
				CLANG_ENABLE_OBJC_WEAK = YES;
				CLANG_WARN_BLOCK_CAPTURE_AUTORELEASING = YES;
				CLANG_WARN_BOOL_CONVERSION = YES;
				CLANG_WARN_COMMA = YES;
				CLANG_WARN_CONSTANT_CONVERSION = YES;
				CLANG_WARN_DEPRECATED_OBJC_IMPLEMENTATIONS = YES;
				CLANG_WARN_DIRECT_OBJC_ISA_USAGE = YES_ERROR;
				CLANG_WARN_DOCUMENTATION_COMMENTS = YES;
				CLANG_WARN_EMPTY_BODY = YES;
				CLANG_WARN_ENUM_CONVERSION = YES;
				CLANG_WARN_INFINITE_RECURSION = YES;
				CLANG_WARN_INT_CONVERSION = YES;
				CLANG_WARN_NON_LITERAL_NULL_CONVERSION = YES;
				CLANG_WARN_OBJC_IMPLICIT_RETAIN_SELF = YES;
				CLANG_WARN_OBJC_LITERAL_CONVERSION = YES;
				CLANG_WARN_OBJC_ROOT_CLASS = YES_ERROR;
				CLANG_WARN_RANGE_LOOP_ANALYSIS = YES;
				CLANG_WARN_STRICT_PROTOTYPES = YES;
				CLANG_WARN_SUSPICIOUS_MOVE = YES;
				CLANG_WARN_UNGUARDED_AVAILABILITY = YES_AGGRESSIVE;
				CLANG_WARN_UNREACHABLE_CODE = YES;
				CLANG_WARN__DUPLICATE_METHOD_MATCH = YES;
				CODE_SIGN_IDENTITY = "iPhone Developer";
				COPY_PHASE_STRIP = NO;
				DEBUG_INFORMATION_FORMAT = dwarf;
				ENABLE_STRICT_OBJC_MSGSEND = YES;
				ENABLE_TESTABILITY = YES;
				GCC_C_LANGUAGE_STANDARD = gnu11;
				GCC_DYNAMIC_NO_PIC = NO;
				GCC_NO_COMMON_BLOCKS = YES;
				GCC_OPTIMIZATION_LEVEL = 0;
				GCC_PREPROCESSOR_DEFINITIONS = (
					"DEBUG=1",
					"$(inherited)",
				);
				GCC_WARN_64_TO_32_BIT_CONVERSION = YES;
				GCC_WARN_ABOUT_RETURN_TYPE = YES_ERROR;
				GCC_WARN_UNDECLARED_SELECTOR = YES;
				GCC_WARN_UNINITIALIZED_AUTOS = YES_AGGRESSIVE;
				GCC_WARN_UNUSED_FUNCTION = YES;
				GCC_WARN_UNUSED_VARIABLE = YES;
				IPHONEOS_DEPLOYMENT_TARGET = 12.1;
				MTL_ENABLE_DEBUG_INFO = INCLUDE_SOURCE;
				MTL_FAST_MATH = YES;
				ONLY_ACTIVE_ARCH = YES;
				SDKROOT = iphoneos;
				SWIFT_ACTIVE_COMPILATION_CONDITIONS = DEBUG;
				SWIFT_OPTIMIZATION_LEVEL = "-Onone";
			};
			name = Debug;
		};
		14C3A3A6235F4EA0009A3830 /* Release */ = {
			isa = XCBuildConfiguration;
			buildSettings = {
				ALWAYS_SEARCH_USER_PATHS = NO;
				CLANG_ANALYZER_NONNULL = YES;
				CLANG_ANALYZER_NUMBER_OBJECT_CONVERSION = YES_AGGRESSIVE;
				CLANG_CXX_LANGUAGE_STANDARD = "gnu++14";
				CLANG_CXX_LIBRARY = "libc++";
				CLANG_ENABLE_MODULES = YES;
				CLANG_ENABLE_OBJC_ARC = YES;
				CLANG_ENABLE_OBJC_WEAK = YES;
				CLANG_WARN_BLOCK_CAPTURE_AUTORELEASING = YES;
				CLANG_WARN_BOOL_CONVERSION = YES;
				CLANG_WARN_COMMA = YES;
				CLANG_WARN_CONSTANT_CONVERSION = YES;
				CLANG_WARN_DEPRECATED_OBJC_IMPLEMENTATIONS = YES;
				CLANG_WARN_DIRECT_OBJC_ISA_USAGE = YES_ERROR;
				CLANG_WARN_DOCUMENTATION_COMMENTS = YES;
				CLANG_WARN_EMPTY_BODY = YES;
				CLANG_WARN_ENUM_CONVERSION = YES;
				CLANG_WARN_INFINITE_RECURSION = YES;
				CLANG_WARN_INT_CONVERSION = YES;
				CLANG_WARN_NON_LITERAL_NULL_CONVERSION = YES;
				CLANG_WARN_OBJC_IMPLICIT_RETAIN_SELF = YES;
				CLANG_WARN_OBJC_LITERAL_CONVERSION = YES;
				CLANG_WARN_OBJC_ROOT_CLASS = YES_ERROR;
				CLANG_WARN_RANGE_LOOP_ANALYSIS = YES;
				CLANG_WARN_STRICT_PROTOTYPES = YES;
				CLANG_WARN_SUSPICIOUS_MOVE = YES;
				CLANG_WARN_UNGUARDED_AVAILABILITY = YES_AGGRESSIVE;
				CLANG_WARN_UNREACHABLE_CODE = YES;
				CLANG_WARN__DUPLICATE_METHOD_MATCH = YES;
				CODE_SIGN_IDENTITY = "iPhone Developer";
				COPY_PHASE_STRIP = NO;
				DEBUG_INFORMATION_FORMAT = "dwarf-with-dsym";
				ENABLE_NS_ASSERTIONS = NO;
				ENABLE_STRICT_OBJC_MSGSEND = YES;
				GCC_C_LANGUAGE_STANDARD = gnu11;
				GCC_NO_COMMON_BLOCKS = YES;
				GCC_WARN_64_TO_32_BIT_CONVERSION = YES;
				GCC_WARN_ABOUT_RETURN_TYPE = YES_ERROR;
				GCC_WARN_UNDECLARED_SELECTOR = YES;
				GCC_WARN_UNINITIALIZED_AUTOS = YES_AGGRESSIVE;
				GCC_WARN_UNUSED_FUNCTION = YES;
				GCC_WARN_UNUSED_VARIABLE = YES;
				IPHONEOS_DEPLOYMENT_TARGET = 12.1;
				MTL_ENABLE_DEBUG_INFO = NO;
				MTL_FAST_MATH = YES;
				SDKROOT = iphoneos;
				SWIFT_COMPILATION_MODE = wholemodule;
				SWIFT_OPTIMIZATION_LEVEL = "-O";
				VALIDATE_PRODUCT = YES;
			};
			name = Release;
		};
		14C3A3A8235F4EA0009A3830 /* Debug */ = {
			isa = XCBuildConfiguration;
			buildSettings = {
				ALWAYS_EMBED_SWIFT_STANDARD_LIBRARIES = YES;
				ASSETCATALOG_COMPILER_APPICON_NAME = AppIcon;
				CODE_SIGN_IDENTITY = "iPhone Developer";
				CODE_SIGN_STYLE = Automatic;
				DEVELOPMENT_TEAM = V9MNS6CX39;
				INFOPLIST_FILE = "Guardian Check-in/Info.plist";
				LD_RUNPATH_SEARCH_PATHS = (
					"$(inherited)",
					"@executable_path/Frameworks",
				);
				PRODUCT_BUNDLE_IDENTIFIER = "AnandKelkar.Guardian-Check-in-v2";
				PRODUCT_NAME = "Guardian Check-inV2";
				PROVISIONING_PROFILE_SPECIFIER = "";
				SWIFT_VERSION = 4.2;
				TARGETED_DEVICE_FAMILY = "1,2";
			};
			name = Debug;
		};
		14C3A3A9235F4EA0009A3830 /* Release */ = {
			isa = XCBuildConfiguration;
			buildSettings = {
				ALWAYS_EMBED_SWIFT_STANDARD_LIBRARIES = YES;
				ASSETCATALOG_COMPILER_APPICON_NAME = AppIcon;
				CODE_SIGN_IDENTITY = "iPhone Developer";
				CODE_SIGN_STYLE = Automatic;
				DEVELOPMENT_TEAM = V9MNS6CX39;
				INFOPLIST_FILE = "Guardian Check-in/Info.plist";
				LD_RUNPATH_SEARCH_PATHS = (
					"$(inherited)",
					"@executable_path/Frameworks",
				);
				PRODUCT_BUNDLE_IDENTIFIER = "AnandKelkar.Guardian-Check-in-v2";
				PRODUCT_NAME = "Guardian Check-inV2";
				PROVISIONING_PROFILE_SPECIFIER = "";
				SWIFT_VERSION = 4.2;
				TARGETED_DEVICE_FAMILY = "1,2";
			};
			name = Release;
		};
/* End XCBuildConfiguration section */

/* Begin XCConfigurationList section */
		14C3A38D235F4E9E009A3830 /* Build configuration list for PBXProject "Guardian Check-in" */ = {
			isa = XCConfigurationList;
			buildConfigurations = (
				14C3A3A5235F4EA0009A3830 /* Debug */,
				14C3A3A6235F4EA0009A3830 /* Release */,
			);
			defaultConfigurationIsVisible = 0;
			defaultConfigurationName = Release;
		};
		14C3A3A7235F4EA0009A3830 /* Build configuration list for PBXNativeTarget "Guardian Check-in" */ = {
			isa = XCConfigurationList;
			buildConfigurations = (
				14C3A3A8235F4EA0009A3830 /* Debug */,
				14C3A3A9235F4EA0009A3830 /* Release */,
			);
			defaultConfigurationIsVisible = 0;
			defaultConfigurationName = Release;
		};
/* End XCConfigurationList section */

/* Begin XCVersionGroup section */
		14C3A39C235F4E9E009A3830 /* Guardian_Check_in.xcdatamodeld */ = {
			isa = XCVersionGroup;
			children = (
				14C3A39D235F4E9E009A3830 /* Guardian_Check_in.xcdatamodel */,
			);
			currentVersion = 14C3A39D235F4E9E009A3830 /* Guardian_Check_in.xcdatamodel */;
			path = Guardian_Check_in.xcdatamodeld;
			sourceTree = "<group>";
			versionGroupType = wrapper.xcdatamodel;
		};
/* End XCVersionGroup section */
	};
	rootObject = 14C3A38A235F4E9E009A3830 /* Project object */;
}
